
Microsoft Visual Studio Solution File, Format Version 12.00
# Visual Studio Version 17
VisualStudioVersion = 17.12.35707.178
MinimumVisualStudioVersion = 10.0.40219.1
Project("{9A19103F-16F7-4668-BE54-9A1E7A4F7556}") = "Task_02_02", "Task_02_02\Task_02_02.csproj", "{0F58AAAB-9404-417B-BA1F-52A32893E946}"
EndProject
Project("{9A19103F-16F7-4668-BE54-9A1E7A4F7556}") = "Task_03_05", "Task_02_03\Task_03_05.csproj", "{9EA1B21E-0025-48B2-A16C-391DED8B803C}"
EndProject
Project("{FAE04EC0-301F-11D3-BF4B-00C04F79EFBC}") = "Task_03_04", "Task_03_04\Task_03_04.csproj", "{29019E85-EFC9-4100-93D5-616FDB2E3780}"
EndProject
Project("{FAE04EC0-301F-11D3-BF4B-00C04F79EFBC}") = "Task_03_07", "Task_03_07\Task_03_07.csproj", "{FE2E33E7-62FE-48AF-9EB2-90F07330121B}"
EndProject
Project("{FAE04EC0-301F-11D3-BF4B-00C04F79EFBC}") = "Task_03_09", "Task_03_09\Task_03_09.csproj", "{48E3040D-54BB-4D78-B6FC-E55D47361835}"
EndProject
Project("{FAE04EC0-301F-11D3-BF4B-00C04F79EFBC}") = "Task_02_04", "Task_02_04\Task_02_04.csproj", "{A56CCDCA-FA35-4BBB-AF08-8D4CF47601FD}"
EndProject
Project("{FAE04EC0-301F-11D3-BF4B-00C04F79EFBC}") = "Task_04_08", "Task_04_08\Task_04_08.csproj", "{13922DE3-B816-4F94-850D-24779A334FE2}"
EndProject
Project("{FAE04EC0-301F-11D3-BF4B-00C04F79EFBC}") = "Task_03_08", "Task_03_08\Task_03_08.csproj", "{0D6B79F9-390B-458F-9E6B-BE377C170A90}"
EndProject
Project("{2150E333-8FDC-42A3-9474-1A3956D46DE8}") = "Lesson_02", "Lesson_02", "{DE71BF11-E71B-421A-8199-4DA09A91DE23}"
EndProject
Project("{FAE04EC0-301F-11D3-BF4B-00C04F79EFBC}") = "Task_03_06", "Task_03_06\Task_03_06.csproj", "{296540D2-22C0-43FD-8383-39058859A0B8}"
EndProject
Project("{FAE04EC0-301F-11D3-BF4B-00C04F79EFBC}") = "Task_04_05", "Task_04_05\Task_04_05.csproj", "{8EF58289-CC54-46D7-A31F-55F031080DDF}"
EndProject
Project("{FAE04EC0-301F-11D3-BF4B-00C04F79EFBC}") = "Task_04_06", "Task_04_06\Task_04_06.csproj", "{FDF0B883-A54F-433D-9E48-F70398C06A17}"
EndProject
Project("{FAE04EC0-301F-11D3-BF4B-00C04F79EFBC}") = "Task_04_07", "Task_04_07\Task_04_07.csproj", "{760F4F95-6DDA-48B3-B7F2-9968960F6002}"
EndProject
Project("{FAE04EC0-301F-11D3-BF4B-00C04F79EFBC}") = "Task_04_09", "Task_04_09\Task_04_09.csproj", "{3D45F987-95F3-4941-8D67-EAF1C6FCBCF7}"
EndProject
Project("{FAE04EC0-301F-11D3-BF4B-00C04F79EFBC}") = "Task_04_10", "Task_04_10\Task_04_10.csproj", "{F26E0756-4AEB-40B8-A8A4-5E7531B1159D}"
EndProject
Project("{FAE04EC0-301F-11D3-BF4B-00C04F79EFBC}") = "ConsoleApp1", "ConsoleApp1\ConsoleApp1.csproj", "{D1D6C74C-80D3-42FD-9C40-8EC2DDB2D434}"
EndProject
Project("{FAE04EC0-301F-11D3-BF4B-00C04F79EFBC}") = "Task_05_03", "Task_05_03\Task_05_03.csproj", "{82AD0F4A-30A0-4BC8-AE1C-14994450870C}"
EndProject
Project("{FAE04EC0-301F-11D3-BF4B-00C04F79EFBC}") = "Task_05_04", "Task_05_04\Task_05_04.csproj", "{175E7394-BE1B-4E62-8FF0-4C031F8D3FE9}"
EndProject
Project("{FAE04EC0-301F-11D3-BF4B-00C04F79EFBC}") = "Task_05_05", "Task_05_05\Task_05_05.csproj", "{55AA53D7-F764-4493-B0A5-90CC7EC2015E}"
EndProject
Project("{FAE04EC0-301F-11D3-BF4B-00C04F79EFBC}") = "Task_05_07", "Task_05_07\Task_05_07.csproj", "{B52DAA3A-0CDB-4948-81BA-ED5C42BFD72A}"
EndProject
Project("{FAE04EC0-301F-11D3-BF4B-00C04F79EFBC}") = "Task_05_06", "Task_05_06\Task_05_06.csproj", "{7448B2A6-9C0A-42CF-856C-0BDF1CBE10E6}"
EndProject
Project("{2150E333-8FDC-42A3-9474-1A3956D46DE8}") = "Lesson_10", "Lesson_10", "{F5516E81-EC51-4326-BA31-85EB51E214CF}"
EndProject
Project("{FAE04EC0-301F-11D3-BF4B-00C04F79EFBC}") = "Task_10_06", "Task_10_06\Task_10_06.csproj", "{94771FBB-BD5A-4984-97C9-BD807A7DA636}"
EndProject
Project("{FAE04EC0-301F-11D3-BF4B-00C04F79EFBC}") = "Task_10_07", "Task_10_07\Task_10_07.csproj", "{3EA70603-2049-4616-8BB6-A58D635761A8}"
EndProject
Project("{2150E333-8FDC-42A3-9474-1A3956D46DE8}") = "Lesson_13", "Lesson_13", "{B826DB32-BC68-48E5-A484-0E70EA79C756}"
EndProject
Project("{FAE04EC0-301F-11D3-BF4B-00C04F79EFBC}") = "Task_13_03", "Task_13_03\Task_13_03.csproj", "{00750051-EA8C-4E3A-AC9E-A7075DBD29FC}"
EndProject
Project("{2150E333-8FDC-42A3-9474-1A3956D46DE8}") = "Lesson_11", "Lesson_11", "{1525606F-BFA7-46BF-AB9A-3A5746EF7CE0}"
EndProject
Project("{FAE04EC0-301F-11D3-BF4B-00C04F79EFBC}") = "Task_11_01", "Task_11_01\Task_11_01.csproj", "{292AE937-B524-4574-917F-004F48FC98D1}"
EndProject
Project("{FAE04EC0-301F-11D3-BF4B-00C04F79EFBC}") = "Task_11_02", "Task_11_02\Task_11_02.csproj", "{69504E26-F5CE-41D7-8C7D-F6A0C6F298AE}"
EndProject
Global
	GlobalSection(SolutionConfigurationPlatforms) = preSolution
		Debug|Any CPU = Debug|Any CPU
		Release|Any CPU = Release|Any CPU
	EndGlobalSection
	GlobalSection(ProjectConfigurationPlatforms) = postSolution
		{0F58AAAB-9404-417B-BA1F-52A32893E946}.Debug|Any CPU.ActiveCfg = Debug|Any CPU
		{0F58AAAB-9404-417B-BA1F-52A32893E946}.Debug|Any CPU.Build.0 = Debug|Any CPU
		{0F58AAAB-9404-417B-BA1F-52A32893E946}.Release|Any CPU.ActiveCfg = Release|Any CPU
		{0F58AAAB-9404-417B-BA1F-52A32893E946}.Release|Any CPU.Build.0 = Release|Any CPU
		{9EA1B21E-0025-48B2-A16C-391DED8B803C}.Debug|Any CPU.ActiveCfg = Debug|Any CPU
		{9EA1B21E-0025-48B2-A16C-391DED8B803C}.Debug|Any CPU.Build.0 = Debug|Any CPU
		{9EA1B21E-0025-48B2-A16C-391DED8B803C}.Release|Any CPU.ActiveCfg = Release|Any CPU
		{9EA1B21E-0025-48B2-A16C-391DED8B803C}.Release|Any CPU.Build.0 = Release|Any CPU
		{29019E85-EFC9-4100-93D5-616FDB2E3780}.Debug|Any CPU.ActiveCfg = Debug|Any CPU
		{29019E85-EFC9-4100-93D5-616FDB2E3780}.Debug|Any CPU.Build.0 = Debug|Any CPU
		{29019E85-EFC9-4100-93D5-616FDB2E3780}.Release|Any CPU.ActiveCfg = Release|Any CPU
		{29019E85-EFC9-4100-93D5-616FDB2E3780}.Release|Any CPU.Build.0 = Release|Any CPU
		{FE2E33E7-62FE-48AF-9EB2-90F07330121B}.Debug|Any CPU.ActiveCfg = Debug|Any CPU
		{FE2E33E7-62FE-48AF-9EB2-90F07330121B}.Debug|Any CPU.Build.0 = Debug|Any CPU
		{FE2E33E7-62FE-48AF-9EB2-90F07330121B}.Release|Any CPU.ActiveCfg = Release|Any CPU
		{FE2E33E7-62FE-48AF-9EB2-90F07330121B}.Release|Any CPU.Build.0 = Release|Any CPU
		{48E3040D-54BB-4D78-B6FC-E55D47361835}.Debug|Any CPU.ActiveCfg = Debug|Any CPU
		{48E3040D-54BB-4D78-B6FC-E55D47361835}.Debug|Any CPU.Build.0 = Debug|Any CPU
		{48E3040D-54BB-4D78-B6FC-E55D47361835}.Release|Any CPU.ActiveCfg = Release|Any CPU
		{48E3040D-54BB-4D78-B6FC-E55D47361835}.Release|Any CPU.Build.0 = Release|Any CPU
		{A56CCDCA-FA35-4BBB-AF08-8D4CF47601FD}.Debug|Any CPU.ActiveCfg = Debug|Any CPU
		{A56CCDCA-FA35-4BBB-AF08-8D4CF47601FD}.Debug|Any CPU.Build.0 = Debug|Any CPU
		{A56CCDCA-FA35-4BBB-AF08-8D4CF47601FD}.Release|Any CPU.ActiveCfg = Release|Any CPU
		{A56CCDCA-FA35-4BBB-AF08-8D4CF47601FD}.Release|Any CPU.Build.0 = Release|Any CPU
		{13922DE3-B816-4F94-850D-24779A334FE2}.Debug|Any CPU.ActiveCfg = Debug|Any CPU
		{13922DE3-B816-4F94-850D-24779A334FE2}.Debug|Any CPU.Build.0 = Debug|Any CPU
		{13922DE3-B816-4F94-850D-24779A334FE2}.Release|Any CPU.ActiveCfg = Release|Any CPU
		{13922DE3-B816-4F94-850D-24779A334FE2}.Release|Any CPU.Build.0 = Release|Any CPU
		{0D6B79F9-390B-458F-9E6B-BE377C170A90}.Debug|Any CPU.ActiveCfg = Debug|Any CPU
		{0D6B79F9-390B-458F-9E6B-BE377C170A90}.Debug|Any CPU.Build.0 = Debug|Any CPU
		{0D6B79F9-390B-458F-9E6B-BE377C170A90}.Release|Any CPU.ActiveCfg = Release|Any CPU
		{0D6B79F9-390B-458F-9E6B-BE377C170A90}.Release|Any CPU.Build.0 = Release|Any CPU
		{296540D2-22C0-43FD-8383-39058859A0B8}.Debug|Any CPU.ActiveCfg = Debug|Any CPU
		{296540D2-22C0-43FD-8383-39058859A0B8}.Debug|Any CPU.Build.0 = Debug|Any CPU
		{296540D2-22C0-43FD-8383-39058859A0B8}.Release|Any CPU.ActiveCfg = Release|Any CPU
		{296540D2-22C0-43FD-8383-39058859A0B8}.Release|Any CPU.Build.0 = Release|Any CPU
		{8EF58289-CC54-46D7-A31F-55F031080DDF}.Debug|Any CPU.ActiveCfg = Debug|Any CPU
		{8EF58289-CC54-46D7-A31F-55F031080DDF}.Debug|Any CPU.Build.0 = Debug|Any CPU
		{8EF58289-CC54-46D7-A31F-55F031080DDF}.Release|Any CPU.ActiveCfg = Release|Any CPU
		{8EF58289-CC54-46D7-A31F-55F031080DDF}.Release|Any CPU.Build.0 = Release|Any CPU
		{FDF0B883-A54F-433D-9E48-F70398C06A17}.Debug|Any CPU.ActiveCfg = Debug|Any CPU
		{FDF0B883-A54F-433D-9E48-F70398C06A17}.Debug|Any CPU.Build.0 = Debug|Any CPU
		{FDF0B883-A54F-433D-9E48-F70398C06A17}.Release|Any CPU.ActiveCfg = Release|Any CPU
		{FDF0B883-A54F-433D-9E48-F70398C06A17}.Release|Any CPU.Build.0 = Release|Any CPU
		{760F4F95-6DDA-48B3-B7F2-9968960F6002}.Debug|Any CPU.ActiveCfg = Debug|Any CPU
		{760F4F95-6DDA-48B3-B7F2-9968960F6002}.Debug|Any CPU.Build.0 = Debug|Any CPU
		{760F4F95-6DDA-48B3-B7F2-9968960F6002}.Release|Any CPU.ActiveCfg = Release|Any CPU
		{760F4F95-6DDA-48B3-B7F2-9968960F6002}.Release|Any CPU.Build.0 = Release|Any CPU
		{3D45F987-95F3-4941-8D67-EAF1C6FCBCF7}.Debug|Any CPU.ActiveCfg = Debug|Any CPU
		{3D45F987-95F3-4941-8D67-EAF1C6FCBCF7}.Debug|Any CPU.Build.0 = Debug|Any CPU
		{3D45F987-95F3-4941-8D67-EAF1C6FCBCF7}.Release|Any CPU.ActiveCfg = Release|Any CPU
		{3D45F987-95F3-4941-8D67-EAF1C6FCBCF7}.Release|Any CPU.Build.0 = Release|Any CPU
		{F26E0756-4AEB-40B8-A8A4-5E7531B1159D}.Debug|Any CPU.ActiveCfg = Debug|Any CPU
		{F26E0756-4AEB-40B8-A8A4-5E7531B1159D}.Debug|Any CPU.Build.0 = Debug|Any CPU
		{F26E0756-4AEB-40B8-A8A4-5E7531B1159D}.Release|Any CPU.ActiveCfg = Release|Any CPU
		{F26E0756-4AEB-40B8-A8A4-5E7531B1159D}.Release|Any CPU.Build.0 = Release|Any CPU
		{D1D6C74C-80D3-42FD-9C40-8EC2DDB2D434}.Debug|Any CPU.ActiveCfg = Debug|Any CPU
		{D1D6C74C-80D3-42FD-9C40-8EC2DDB2D434}.Debug|Any CPU.Build.0 = Debug|Any CPU
		{D1D6C74C-80D3-42FD-9C40-8EC2DDB2D434}.Release|Any CPU.ActiveCfg = Release|Any CPU
		{D1D6C74C-80D3-42FD-9C40-8EC2DDB2D434}.Release|Any CPU.Build.0 = Release|Any CPU
		{82AD0F4A-30A0-4BC8-AE1C-14994450870C}.Debug|Any CPU.ActiveCfg = Debug|Any CPU
		{82AD0F4A-30A0-4BC8-AE1C-14994450870C}.Debug|Any CPU.Build.0 = Debug|Any CPU
		{82AD0F4A-30A0-4BC8-AE1C-14994450870C}.Release|Any CPU.ActiveCfg = Release|Any CPU
		{82AD0F4A-30A0-4BC8-AE1C-14994450870C}.Release|Any CPU.Build.0 = Release|Any CPU
		{175E7394-BE1B-4E62-8FF0-4C031F8D3FE9}.Debug|Any CPU.ActiveCfg = Debug|Any CPU
		{175E7394-BE1B-4E62-8FF0-4C031F8D3FE9}.Debug|Any CPU.Build.0 = Debug|Any CPU
		{175E7394-BE1B-4E62-8FF0-4C031F8D3FE9}.Release|Any CPU.ActiveCfg = Release|Any CPU
		{175E7394-BE1B-4E62-8FF0-4C031F8D3FE9}.Release|Any CPU.Build.0 = Release|Any CPU
		{55AA53D7-F764-4493-B0A5-90CC7EC2015E}.Debug|Any CPU.ActiveCfg = Debug|Any CPU
		{55AA53D7-F764-4493-B0A5-90CC7EC2015E}.Debug|Any CPU.Build.0 = Debug|Any CPU
		{55AA53D7-F764-4493-B0A5-90CC7EC2015E}.Release|Any CPU.ActiveCfg = Release|Any CPU
		{55AA53D7-F764-4493-B0A5-90CC7EC2015E}.Release|Any CPU.Build.0 = Release|Any CPU
		{B52DAA3A-0CDB-4948-81BA-ED5C42BFD72A}.Debug|Any CPU.ActiveCfg = Debug|Any CPU
		{B52DAA3A-0CDB-4948-81BA-ED5C42BFD72A}.Debug|Any CPU.Build.0 = Debug|Any CPU
		{B52DAA3A-0CDB-4948-81BA-ED5C42BFD72A}.Release|Any CPU.ActiveCfg = Release|Any CPU
		{B52DAA3A-0CDB-4948-81BA-ED5C42BFD72A}.Release|Any CPU.Build.0 = Release|Any CPU
		{7448B2A6-9C0A-42CF-856C-0BDF1CBE10E6}.Debug|Any CPU.ActiveCfg = Debug|Any CPU
		{7448B2A6-9C0A-42CF-856C-0BDF1CBE10E6}.Debug|Any CPU.Build.0 = Debug|Any CPU
		{7448B2A6-9C0A-42CF-856C-0BDF1CBE10E6}.Release|Any CPU.ActiveCfg = Release|Any CPU
		{7448B2A6-9C0A-42CF-856C-0BDF1CBE10E6}.Release|Any CPU.Build.0 = Release|Any CPU
		{94771FBB-BD5A-4984-97C9-BD807A7DA636}.Debug|Any CPU.ActiveCfg = Debug|Any CPU
		{94771FBB-BD5A-4984-97C9-BD807A7DA636}.Debug|Any CPU.Build.0 = Debug|Any CPU
		{94771FBB-BD5A-4984-97C9-BD807A7DA636}.Release|Any CPU.ActiveCfg = Release|Any CPU
		{94771FBB-BD5A-4984-97C9-BD807A7DA636}.Release|Any CPU.Build.0 = Release|Any CPU
		{3EA70603-2049-4616-8BB6-A58D635761A8}.Debug|Any CPU.ActiveCfg = Debug|Any CPU
		{3EA70603-2049-4616-8BB6-A58D635761A8}.Debug|Any CPU.Build.0 = Debug|Any CPU
		{3EA70603-2049-4616-8BB6-A58D635761A8}.Release|Any CPU.ActiveCfg = Release|Any CPU
		{3EA70603-2049-4616-8BB6-A58D635761A8}.Release|Any CPU.Build.0 = Release|Any CPU
		{00750051-EA8C-4E3A-AC9E-A7075DBD29FC}.Debug|Any CPU.ActiveCfg = Debug|Any CPU
		{00750051-EA8C-4E3A-AC9E-A7075DBD29FC}.Debug|Any CPU.Build.0 = Debug|Any CPU
		{00750051-EA8C-4E3A-AC9E-A7075DBD29FC}.Release|Any CPU.ActiveCfg = Release|Any CPU
		{00750051-EA8C-4E3A-AC9E-A7075DBD29FC}.Release|Any CPU.Build.0 = Release|Any CPU
		{292AE937-B524-4574-917F-004F48FC98D1}.Debug|Any CPU.ActiveCfg = Debug|Any CPU
		{292AE937-B524-4574-917F-004F48FC98D1}.Debug|Any CPU.Build.0 = Debug|Any CPU
		{292AE937-B524-4574-917F-004F48FC98D1}.Release|Any CPU.ActiveCfg = Release|Any CPU
		{292AE937-B524-4574-917F-004F48FC98D1}.Release|Any CPU.Build.0 = Release|Any CPU
		{69504E26-F5CE-41D7-8C7D-F6A0C6F298AE}.Debug|Any CPU.ActiveCfg = Debug|Any CPU
		{69504E26-F5CE-41D7-8C7D-F6A0C6F298AE}.Debug|Any CPU.Build.0 = Debug|Any CPU
		{69504E26-F5CE-41D7-8C7D-F6A0C6F298AE}.Release|Any CPU.ActiveCfg = Release|Any CPU
		{69504E26-F5CE-41D7-8C7D-F6A0C6F298AE}.Release|Any CPU.Build.0 = Release|Any CPU
	EndGlobalSection
	GlobalSection(SolutionProperties) = preSolution
		HideSolutionNode = FALSE
	EndGlobalSection
	GlobalSection(NestedProjects) = preSolution
		{94771FBB-BD5A-4984-97C9-BD807A7DA636} = {F5516E81-EC51-4326-BA31-85EB51E214CF}
		{3EA70603-2049-4616-8BB6-A58D635761A8} = {F5516E81-EC51-4326-BA31-85EB51E214CF}
		{00750051-EA8C-4E3A-AC9E-A7075DBD29FC} = {B826DB32-BC68-48E5-A484-0E70EA79C756}
		{292AE937-B524-4574-917F-004F48FC98D1} = {1525606F-BFA7-46BF-AB9A-3A5746EF7CE0}
		{69504E26-F5CE-41D7-8C7D-F6A0C6F298AE} = {1525606F-BFA7-46BF-AB9A-3A5746EF7CE0}
	EndGlobalSection
	GlobalSection(ExtensibilityGlobals) = postSolution
		SolutionGuid = {93E2D0B5-5C97-471B-92D9-CA73AFEF6608}
	EndGlobalSection
EndGlobal
