
Microsoft Visual Studio Solution File, Format Version 12.00
# Visual Studio Version 17
VisualStudioVersion = 17.12.35707.178
MinimumVisualStudioVersion = 10.0.40219.1
Project("{9A19103F-16F7-4668-BE54-9A1E7A4F7556}") = "Task_02_02", "Task_02_02\Task_02_02.csproj", "{0F58AAAB-9404-417B-BA1F-52A32893E946}"
EndProject
Project("{9A19103F-16F7-4668-BE54-9A1E7A4F7556}") = "Task_03_05", "Task_02_03\Task_03_05.csproj", "{9EA1B21E-0025-48B2-A16C-391DED8B803C}"
EndProject
Project("{FAE04EC0-301F-11D3-BF4B-00C04F79EFBC}") = "Task_03_04", "Task_03_04\Task_03_04.csproj", "{29019E85-EFC9-4100-93D5-616FDB2E3780}"
EndProject
Project("{FAE04EC0-301F-11D3-BF4B-00C04F79EFBC}") = "Task_03_07", "Task_03_07\Task_03_07.csproj", "{FE2E33E7-62FE-48AF-9EB2-90F07330121B}"
EndProject
Project("{FAE04EC0-301F-11D3-BF4B-00C04F79EFBC}") = "Task_03_09", "Task_03_09\Task_03_09.csproj", "{48E3040D-54BB-4D78-B6FC-E55D47361835}"
EndProject
Project("{FAE04EC0-301F-11D3-BF4B-00C04F79EFBC}") = "Task_02_04", "Task_02_04\Task_02_04.csproj", "{A56CCDCA-FA35-4BBB-AF08-8D4CF47601FD}"
EndProject
Project("{FAE04EC0-301F-11D3-BF4B-00C04F79EFBC}") = "Task_04_08", "Task_04_08\Task_04_08.csproj", "{13922DE3-B816-4F94-850D-24779A334FE2}"
EndProject
Project("{FAE04EC0-301F-11D3-BF4B-00C04F79EFBC}") = "Task_03_08", "Task_03_08\Task_03_08.csproj", "{0D6B79F9-390B-458F-9E6B-BE377C170A90}"
EndProject
Project("{2150E333-8FDC-42A3-9474-1A3956D46DE8}") = "Lesson_02", "Lesson_02", "{DE71BF11-E71B-421A-8199-4DA09A91DE23}"
EndProject
Project("{FAE04EC0-301F-11D3-BF4B-00C04F79EFBC}") = "Task_03_06", "Task_03_06\Task_03_06.csproj", "{296540D2-22C0-43FD-8383-39058859A0B8}"
EndProject
Project("{FAE04EC0-301F-11D3-BF4B-00C04F79EFBC}") = "Task_04_05", "Task_04_05\Task_04_05.csproj", "{8EF58289-CC54-46D7-A31F-55F031080DDF}"
EndProject
Global
	GlobalSection(SolutionConfigurationPlatforms) = preSolution
		Debug|Any CPU = Debug|Any CPU
		Release|Any CPU = Release|Any CPU
	EndGlobalSection
	GlobalSection(ProjectConfigurationPlatforms) = postSolution
		{0F58AAAB-9404-417B-BA1F-52A32893E946}.Debug|Any CPU.ActiveCfg = Debug|Any CPU
		{0F58AAAB-9404-417B-BA1F-52A32893E946}.Debug|Any CPU.Build.0 = Debug|Any CPU
		{0F58AAAB-9404-417B-BA1F-52A32893E946}.Release|Any CPU.ActiveCfg = Release|Any CPU
		{0F58AAAB-9404-417B-BA1F-52A32893E946}.Release|Any CPU.Build.0 = Release|Any CPU
		{9EA1B21E-0025-48B2-A16C-391DED8B803C}.Debug|Any CPU.ActiveCfg = Debug|Any CPU
		{9EA1B21E-0025-48B2-A16C-391DED8B803C}.Debug|Any CPU.Build.0 = Debug|Any CPU
		{9EA1B21E-0025-48B2-A16C-391DED8B803C}.Release|Any CPU.ActiveCfg = Release|Any CPU
		{9EA1B21E-0025-48B2-A16C-391DED8B803C}.Release|Any CPU.Build.0 = Release|Any CPU
		{29019E85-EFC9-4100-93D5-616FDB2E3780}.Debug|Any CPU.ActiveCfg = Debug|Any CPU
		{29019E85-EFC9-4100-93D5-616FDB2E3780}.Debug|Any CPU.Build.0 = Debug|Any CPU
		{29019E85-EFC9-4100-93D5-616FDB2E3780}.Release|Any CPU.ActiveCfg = Release|Any CPU
		{29019E85-EFC9-4100-93D5-616FDB2E3780}.Release|Any CPU.Build.0 = Release|Any CPU
		{FE2E33E7-62FE-48AF-9EB2-90F07330121B}.Debug|Any CPU.ActiveCfg = Debug|Any CPU
		{FE2E33E7-62FE-48AF-9EB2-90F07330121B}.Debug|Any CPU.Build.0 = Debug|Any CPU
		{FE2E33E7-62FE-48AF-9EB2-90F07330121B}.Release|Any CPU.ActiveCfg = Release|Any CPU
		{FE2E33E7-62FE-48AF-9EB2-90F07330121B}.Release|Any CPU.Build.0 = Release|Any CPU
		{48E3040D-54BB-4D78-B6FC-E55D47361835}.Debug|Any CPU.ActiveCfg = Debug|Any CPU
		{48E3040D-54BB-4D78-B6FC-E55D47361835}.Debug|Any CPU.Build.0 = Debug|Any CPU
		{48E3040D-54BB-4D78-B6FC-E55D47361835}.Release|Any CPU.ActiveCfg = Release|Any CPU
		{48E3040D-54BB-4D78-B6FC-E55D47361835}.Release|Any CPU.Build.0 = Release|Any CPU
		{A56CCDCA-FA35-4BBB-AF08-8D4CF47601FD}.Debug|Any CPU.ActiveCfg = Debug|Any CPU
		{A56CCDCA-FA35-4BBB-AF08-8D4CF47601FD}.Debug|Any CPU.Build.0 = Debug|Any CPU
		{A56CCDCA-FA35-4BBB-AF08-8D4CF47601FD}.Release|Any CPU.ActiveCfg = Release|Any CPU
		{A56CCDCA-FA35-4BBB-AF08-8D4CF47601FD}.Release|Any CPU.Build.0 = Release|Any CPU
		{13922DE3-B816-4F94-850D-24779A334FE2}.Debug|Any CPU.ActiveCfg = Debug|Any CPU
		{13922DE3-B816-4F94-850D-24779A334FE2}.Debug|Any CPU.Build.0 = Debug|Any CPU
		{13922DE3-B816-4F94-850D-24779A334FE2}.Release|Any CPU.ActiveCfg = Release|Any CPU
		{13922DE3-B816-4F94-850D-24779A334FE2}.Release|Any CPU.Build.0 = Release|Any CPU
		{0D6B79F9-390B-458F-9E6B-BE377C170A90}.Debug|Any CPU.ActiveCfg = Debug|Any CPU
		{0D6B79F9-390B-458F-9E6B-BE377C170A90}.Debug|Any CPU.Build.0 = Debug|Any CPU
		{0D6B79F9-390B-458F-9E6B-BE377C170A90}.Release|Any CPU.ActiveCfg = Release|Any CPU
		{0D6B79F9-390B-458F-9E6B-BE377C170A90}.Release|Any CPU.Build.0 = Release|Any CPU
		{296540D2-22C0-43FD-8383-39058859A0B8}.Debug|Any CPU.ActiveCfg = Debug|Any CPU
		{296540D2-22C0-43FD-8383-39058859A0B8}.Debug|Any CPU.Build.0 = Debug|Any CPU
		{296540D2-22C0-43FD-8383-39058859A0B8}.Release|Any CPU.ActiveCfg = Release|Any CPU
		{296540D2-22C0-43FD-8383-39058859A0B8}.Release|Any CPU.Build.0 = Release|Any CPU
		{8EF58289-CC54-46D7-A31F-55F031080DDF}.Debug|Any CPU.ActiveCfg = Debug|Any CPU
		{8EF58289-CC54-46D7-A31F-55F031080DDF}.Debug|Any CPU.Build.0 = Debug|Any CPU
		{8EF58289-CC54-46D7-A31F-55F031080DDF}.Release|Any CPU.ActiveCfg = Release|Any CPU
		{8EF58289-CC54-46D7-A31F-55F031080DDF}.Release|Any CPU.Build.0 = Release|Any CPU
	EndGlobalSection
	GlobalSection(SolutionProperties) = preSolution
		HideSolutionNode = FALSE
	EndGlobalSection
	GlobalSection(ExtensibilityGlobals) = postSolution
		SolutionGuid = {93E2D0B5-5C97-471B-92D9-CA73AFEF6608}
	EndGlobalSection
EndGlobal
